
Microsoft Visual Studio Solution File, Format Version 12.00
# Visual Studio 15
VisualStudioVersion = 15.0.27130.2010
MinimumVisualStudioVersion = 10.0.40219.1
Project("{FAE04EC0-301F-11D3-BF4B-00C04F79EFBC}") = "HelloWorld", "HelloWorld\HelloWorld.csproj", "{7177719D-74BA-4314-A23E-7A919D7FD438}"
EndProject
Project("{2150E333-8FDC-42A3-9474-1A3956D46DE8}") = "Modul_403", "Modul_403", "{732C1A0E-10CA-4177-B881-1D848C534478}"
EndProject
Project("{2150E333-8FDC-42A3-9474-1A3956D46DE8}") = "Modul_404", "Modul_404", "{848264EF-707D-48C8-808E-69148C789BCB}"
EndProject
Project("{FAE04EC0-301F-11D3-BF4B-00C04F79EFBC}") = "HelloWorld2", "HelloWorld2\HelloWorld2.csproj", "{F3F96F34-0217-4B29-9CB1-C1201B96E055}"
EndProject
Project("{FAE04EC0-301F-11D3-BF4B-00C04F79EFBC}") = "Debug_Test", "Debug_Test\Debug_Test.csproj", "{568E7DD7-F6A5-410D-A018-2AB1324C0C57}"
EndProject
Project("{FAE04EC0-301F-11D3-BF4B-00C04F79EFBC}") = "Maths_1", "Maths_1\Maths_1.csproj", "{3ED86CCC-D1F5-4821-B0BC-02DC7D80E8C6}"
EndProject
Project("{FAE04EC0-301F-11D3-BF4B-00C04F79EFBC}") = "CallStack_1", "CallStack_1\CallStack_1.csproj", "{16D2A014-8732-4CC8-9F88-4F807DEA7D7A}"
EndProject
Project("{FAE04EC0-301F-11D3-BF4B-00C04F79EFBC}") = "Form_1", "Form_1\Form_1.csproj", "{1FF0D52A-309E-4996-9028-75CACD5C6658}"
EndProject
Project("{FAE04EC0-301F-11D3-BF4B-00C04F79EFBC}") = "H1_AddCalculator", "H1_AddCalculator\H1_AddCalculator.csproj", "{9A541CFA-FA7F-470D-B672-23E1995F77C8}"
EndProject
Project("{FAE04EC0-301F-11D3-BF4B-00C04F79EFBC}") = "KommaZahl", "ConsoleApp1\KommaZahl.csproj", "{7E72E10C-9D5A-4ADF-A592-08497C9A2CA6}"
EndProject
Project("{FAE04EC0-301F-11D3-BF4B-00C04F79EFBC}") = "Operator_1", "Operator_1\Operator_1.csproj", "{8BE1AF26-4335-4B63-AAD5-C1D93CC0EBF4}"
EndProject
Project("{FAE04EC0-301F-11D3-BF4B-00C04F79EFBC}") = "Rechner", "Rechner\Rechner.csproj", "{61F2927B-3FDB-43FC-8949-51263FB65A1D}"
EndProject
Project("{FAE04EC0-301F-11D3-BF4B-00C04F79EFBC}") = "Selbst_Test", "Selbst_Test\Selbst_Test.csproj", "{9989D054-A063-4381-8E0F-1BB20748CA44}"
EndProject
Project("{FAE04EC0-301F-11D3-BF4B-00C04F79EFBC}") = "Selbst_While", "Selbst_While\Selbst_While.csproj", "{C62EC4F8-2CDA-4AEE-9C7F-5E52B2A1BDB6}"
EndProject
Project("{FAE04EC0-301F-11D3-BF4B-00C04F79EFBC}") = "Selbst_If", "if_selbst\Selbst_If.csproj", "{2D7653F2-C871-44A3-8B19-FDF02804941A}"
EndProject
Project("{FAE04EC0-301F-11D3-BF4B-00C04F79EFBC}") = "Selbst_If2", "Selbst_If2\Selbst_If2.csproj", "{0377FD95-A697-4EEA-AFC1-5C7F169AB824}"
EndProject
Project("{FAE04EC0-301F-11D3-BF4B-00C04F79EFBC}") = "Selbst_For", "Selbst_For\Selbst_For.csproj", "{D1BB181D-7E13-469D-B8FD-37350D922069}"
EndProject
Project("{FAE04EC0-301F-11D3-BF4B-00C04F79EFBC}") = "Selbst_For2", "Selbst_For2\Selbst_For2.csproj", "{20F6EE71-3434-467E-BE71-7FDC2BAAF7C6}"
EndProject
Project("{FAE04EC0-301F-11D3-BF4B-00C04F79EFBC}") = "Repetition", "Repetition\Repetition.csproj", "{99E7089E-47DA-4A29-9736-D3AEEF426AE9}"
EndProject
Project("{FAE04EC0-301F-11D3-BF4B-00C04F79EFBC}") = "Test04_01_18", "Test04_01_18\Test04_01_18.csproj", "{96EFAF3A-73AD-45CC-AFC1-0DD0A4C7D383}"
EndProject
Project("{FAE04EC0-301F-11D3-BF4B-00C04F79EFBC}") = "for_Tannenbaum", "for_testing\for_Tannenbaum.csproj", "{F73950BD-E917-4B80-B821-E1C50D781114}"
EndProject
Project("{FAE04EC0-301F-11D3-BF4B-00C04F79EFBC}") = "SchleifenBeispiel", "SchleifenBeispiel\SchleifenBeispiel.csproj", "{E0C4AE3F-1655-42E2-9C51-6FEAFBCA0890}"
EndProject
Project("{FAE04EC0-301F-11D3-BF4B-00C04F79EFBC}") = "DoWhileSchleife", "WhileSchleife\DoWhileSchleife.csproj", "{84C2E092-6C5F-4EDC-BD55-CB3463F899C9}"
EndProject
Project("{FAE04EC0-301F-11D3-BF4B-00C04F79EFBC}") = "OperatorenSchleife", "OperatorenSchleife\OperatorenSchleife.csproj", "{7620EADD-06ED-4298-B18B-BB076846D412}"
EndProject
Project("{FAE04EC0-301F-11D3-BF4B-00C04F79EFBC}") = "test_jeffrey_games", "Selbst_Gen\test_jeffrey_games.csproj", "{42CDA5A1-9198-4A83-BC65-2441A96F63A3}"
EndProject
Project("{FAE04EC0-301F-11D3-BF4B-00C04F79EFBC}") = "2zähler", "2zähler\2zähler.csproj", "{BA204410-1729-4F39-8634-9C7AA972FDB1}"
EndProject
Project("{FAE04EC0-301F-11D3-BF4B-00C04F79EFBC}") = "Calculator_Func", "Calculator_Func\Calculator_Func.csproj", "{898E5B54-2563-4ED7-B0AE-ECDCE4213A5B}"
EndProject
Project("{FAE04EC0-301F-11D3-BF4B-00C04F79EFBC}") = "Array_2", "Array_2\Array_2.csproj", "{544D9A86-96A0-45BF-9095-0A2E4C80A81F}"
EndProject
Project("{FAE04EC0-301F-11D3-BF4B-00C04F79EFBC}") = "16_01Test", "16_01Test\16_01Test.csproj", "{CCE90FB9-4DA0-4785-B66A-9BF391828D92}"
EndProject
Project("{FAE04EC0-301F-11D3-BF4B-00C04F79EFBC}") = "TestTesTest16", "TestTesTest16\TestTesTest16.csproj", "{B75BA06D-BBEF-453D-866D-4C74D87C3A1E}"
EndProject
Global
	GlobalSection(SolutionConfigurationPlatforms) = preSolution
		Debug|Any CPU = Debug|Any CPU
		Release|Any CPU = Release|Any CPU
	EndGlobalSection
	GlobalSection(ProjectConfigurationPlatforms) = postSolution
		{7177719D-74BA-4314-A23E-7A919D7FD438}.Debug|Any CPU.ActiveCfg = Debug|Any CPU
		{7177719D-74BA-4314-A23E-7A919D7FD438}.Debug|Any CPU.Build.0 = Debug|Any CPU
		{7177719D-74BA-4314-A23E-7A919D7FD438}.Release|Any CPU.ActiveCfg = Release|Any CPU
		{7177719D-74BA-4314-A23E-7A919D7FD438}.Release|Any CPU.Build.0 = Release|Any CPU
		{F3F96F34-0217-4B29-9CB1-C1201B96E055}.Debug|Any CPU.ActiveCfg = Debug|Any CPU
		{F3F96F34-0217-4B29-9CB1-C1201B96E055}.Debug|Any CPU.Build.0 = Debug|Any CPU
		{F3F96F34-0217-4B29-9CB1-C1201B96E055}.Release|Any CPU.ActiveCfg = Release|Any CPU
		{F3F96F34-0217-4B29-9CB1-C1201B96E055}.Release|Any CPU.Build.0 = Release|Any CPU
		{568E7DD7-F6A5-410D-A018-2AB1324C0C57}.Debug|Any CPU.ActiveCfg = Debug|Any CPU
		{568E7DD7-F6A5-410D-A018-2AB1324C0C57}.Debug|Any CPU.Build.0 = Debug|Any CPU
		{568E7DD7-F6A5-410D-A018-2AB1324C0C57}.Release|Any CPU.ActiveCfg = Release|Any CPU
		{568E7DD7-F6A5-410D-A018-2AB1324C0C57}.Release|Any CPU.Build.0 = Release|Any CPU
		{3ED86CCC-D1F5-4821-B0BC-02DC7D80E8C6}.Debug|Any CPU.ActiveCfg = Debug|Any CPU
		{3ED86CCC-D1F5-4821-B0BC-02DC7D80E8C6}.Debug|Any CPU.Build.0 = Debug|Any CPU
		{3ED86CCC-D1F5-4821-B0BC-02DC7D80E8C6}.Release|Any CPU.ActiveCfg = Release|Any CPU
		{3ED86CCC-D1F5-4821-B0BC-02DC7D80E8C6}.Release|Any CPU.Build.0 = Release|Any CPU
		{16D2A014-8732-4CC8-9F88-4F807DEA7D7A}.Debug|Any CPU.ActiveCfg = Debug|Any CPU
		{16D2A014-8732-4CC8-9F88-4F807DEA7D7A}.Debug|Any CPU.Build.0 = Debug|Any CPU
		{16D2A014-8732-4CC8-9F88-4F807DEA7D7A}.Release|Any CPU.ActiveCfg = Release|Any CPU
		{16D2A014-8732-4CC8-9F88-4F807DEA7D7A}.Release|Any CPU.Build.0 = Release|Any CPU
		{1FF0D52A-309E-4996-9028-75CACD5C6658}.Debug|Any CPU.ActiveCfg = Debug|Any CPU
		{1FF0D52A-309E-4996-9028-75CACD5C6658}.Debug|Any CPU.Build.0 = Debug|Any CPU
		{1FF0D52A-309E-4996-9028-75CACD5C6658}.Release|Any CPU.ActiveCfg = Release|Any CPU
		{1FF0D52A-309E-4996-9028-75CACD5C6658}.Release|Any CPU.Build.0 = Release|Any CPU
		{9A541CFA-FA7F-470D-B672-23E1995F77C8}.Debug|Any CPU.ActiveCfg = Debug|Any CPU
		{9A541CFA-FA7F-470D-B672-23E1995F77C8}.Debug|Any CPU.Build.0 = Debug|Any CPU
		{9A541CFA-FA7F-470D-B672-23E1995F77C8}.Release|Any CPU.ActiveCfg = Release|Any CPU
		{9A541CFA-FA7F-470D-B672-23E1995F77C8}.Release|Any CPU.Build.0 = Release|Any CPU
		{7E72E10C-9D5A-4ADF-A592-08497C9A2CA6}.Debug|Any CPU.ActiveCfg = Debug|Any CPU
		{7E72E10C-9D5A-4ADF-A592-08497C9A2CA6}.Debug|Any CPU.Build.0 = Debug|Any CPU
		{7E72E10C-9D5A-4ADF-A592-08497C9A2CA6}.Release|Any CPU.ActiveCfg = Release|Any CPU
		{7E72E10C-9D5A-4ADF-A592-08497C9A2CA6}.Release|Any CPU.Build.0 = Release|Any CPU
		{8BE1AF26-4335-4B63-AAD5-C1D93CC0EBF4}.Debug|Any CPU.ActiveCfg = Debug|Any CPU
		{8BE1AF26-4335-4B63-AAD5-C1D93CC0EBF4}.Debug|Any CPU.Build.0 = Debug|Any CPU
		{8BE1AF26-4335-4B63-AAD5-C1D93CC0EBF4}.Release|Any CPU.ActiveCfg = Release|Any CPU
		{8BE1AF26-4335-4B63-AAD5-C1D93CC0EBF4}.Release|Any CPU.Build.0 = Release|Any CPU
		{61F2927B-3FDB-43FC-8949-51263FB65A1D}.Debug|Any CPU.ActiveCfg = Debug|Any CPU
		{61F2927B-3FDB-43FC-8949-51263FB65A1D}.Debug|Any CPU.Build.0 = Debug|Any CPU
		{61F2927B-3FDB-43FC-8949-51263FB65A1D}.Release|Any CPU.ActiveCfg = Release|Any CPU
		{61F2927B-3FDB-43FC-8949-51263FB65A1D}.Release|Any CPU.Build.0 = Release|Any CPU
		{9989D054-A063-4381-8E0F-1BB20748CA44}.Debug|Any CPU.ActiveCfg = Debug|Any CPU
		{9989D054-A063-4381-8E0F-1BB20748CA44}.Debug|Any CPU.Build.0 = Debug|Any CPU
		{9989D054-A063-4381-8E0F-1BB20748CA44}.Release|Any CPU.ActiveCfg = Release|Any CPU
		{9989D054-A063-4381-8E0F-1BB20748CA44}.Release|Any CPU.Build.0 = Release|Any CPU
		{C62EC4F8-2CDA-4AEE-9C7F-5E52B2A1BDB6}.Debug|Any CPU.ActiveCfg = Debug|Any CPU
		{C62EC4F8-2CDA-4AEE-9C7F-5E52B2A1BDB6}.Debug|Any CPU.Build.0 = Debug|Any CPU
		{C62EC4F8-2CDA-4AEE-9C7F-5E52B2A1BDB6}.Release|Any CPU.ActiveCfg = Release|Any CPU
		{C62EC4F8-2CDA-4AEE-9C7F-5E52B2A1BDB6}.Release|Any CPU.Build.0 = Release|Any CPU
		{2D7653F2-C871-44A3-8B19-FDF02804941A}.Debug|Any CPU.ActiveCfg = Debug|Any CPU
		{2D7653F2-C871-44A3-8B19-FDF02804941A}.Debug|Any CPU.Build.0 = Debug|Any CPU
		{2D7653F2-C871-44A3-8B19-FDF02804941A}.Release|Any CPU.ActiveCfg = Release|Any CPU
		{2D7653F2-C871-44A3-8B19-FDF02804941A}.Release|Any CPU.Build.0 = Release|Any CPU
		{0377FD95-A697-4EEA-AFC1-5C7F169AB824}.Debug|Any CPU.ActiveCfg = Debug|Any CPU
		{0377FD95-A697-4EEA-AFC1-5C7F169AB824}.Debug|Any CPU.Build.0 = Debug|Any CPU
		{0377FD95-A697-4EEA-AFC1-5C7F169AB824}.Release|Any CPU.ActiveCfg = Release|Any CPU
		{0377FD95-A697-4EEA-AFC1-5C7F169AB824}.Release|Any CPU.Build.0 = Release|Any CPU
		{D1BB181D-7E13-469D-B8FD-37350D922069}.Debug|Any CPU.ActiveCfg = Debug|Any CPU
		{D1BB181D-7E13-469D-B8FD-37350D922069}.Debug|Any CPU.Build.0 = Debug|Any CPU
		{D1BB181D-7E13-469D-B8FD-37350D922069}.Release|Any CPU.ActiveCfg = Release|Any CPU
		{D1BB181D-7E13-469D-B8FD-37350D922069}.Release|Any CPU.Build.0 = Release|Any CPU
		{20F6EE71-3434-467E-BE71-7FDC2BAAF7C6}.Debug|Any CPU.ActiveCfg = Debug|Any CPU
		{20F6EE71-3434-467E-BE71-7FDC2BAAF7C6}.Debug|Any CPU.Build.0 = Debug|Any CPU
		{20F6EE71-3434-467E-BE71-7FDC2BAAF7C6}.Release|Any CPU.ActiveCfg = Release|Any CPU
		{20F6EE71-3434-467E-BE71-7FDC2BAAF7C6}.Release|Any CPU.Build.0 = Release|Any CPU
		{99E7089E-47DA-4A29-9736-D3AEEF426AE9}.Debug|Any CPU.ActiveCfg = Debug|Any CPU
		{99E7089E-47DA-4A29-9736-D3AEEF426AE9}.Debug|Any CPU.Build.0 = Debug|Any CPU
		{99E7089E-47DA-4A29-9736-D3AEEF426AE9}.Release|Any CPU.ActiveCfg = Release|Any CPU
		{99E7089E-47DA-4A29-9736-D3AEEF426AE9}.Release|Any CPU.Build.0 = Release|Any CPU
		{96EFAF3A-73AD-45CC-AFC1-0DD0A4C7D383}.Debug|Any CPU.ActiveCfg = Debug|Any CPU
		{96EFAF3A-73AD-45CC-AFC1-0DD0A4C7D383}.Debug|Any CPU.Build.0 = Debug|Any CPU
		{96EFAF3A-73AD-45CC-AFC1-0DD0A4C7D383}.Release|Any CPU.ActiveCfg = Release|Any CPU
		{96EFAF3A-73AD-45CC-AFC1-0DD0A4C7D383}.Release|Any CPU.Build.0 = Release|Any CPU
		{F73950BD-E917-4B80-B821-E1C50D781114}.Debug|Any CPU.ActiveCfg = Debug|Any CPU
		{F73950BD-E917-4B80-B821-E1C50D781114}.Debug|Any CPU.Build.0 = Debug|Any CPU
		{F73950BD-E917-4B80-B821-E1C50D781114}.Release|Any CPU.ActiveCfg = Release|Any CPU
		{F73950BD-E917-4B80-B821-E1C50D781114}.Release|Any CPU.Build.0 = Release|Any CPU
		{E0C4AE3F-1655-42E2-9C51-6FEAFBCA0890}.Debug|Any CPU.ActiveCfg = Debug|Any CPU
		{E0C4AE3F-1655-42E2-9C51-6FEAFBCA0890}.Debug|Any CPU.Build.0 = Debug|Any CPU
		{E0C4AE3F-1655-42E2-9C51-6FEAFBCA0890}.Release|Any CPU.ActiveCfg = Release|Any CPU
		{E0C4AE3F-1655-42E2-9C51-6FEAFBCA0890}.Release|Any CPU.Build.0 = Release|Any CPU
		{84C2E092-6C5F-4EDC-BD55-CB3463F899C9}.Debug|Any CPU.ActiveCfg = Debug|Any CPU
		{84C2E092-6C5F-4EDC-BD55-CB3463F899C9}.Debug|Any CPU.Build.0 = Debug|Any CPU
		{84C2E092-6C5F-4EDC-BD55-CB3463F899C9}.Release|Any CPU.ActiveCfg = Release|Any CPU
		{84C2E092-6C5F-4EDC-BD55-CB3463F899C9}.Release|Any CPU.Build.0 = Release|Any CPU
		{7620EADD-06ED-4298-B18B-BB076846D412}.Debug|Any CPU.ActiveCfg = Debug|Any CPU
		{7620EADD-06ED-4298-B18B-BB076846D412}.Debug|Any CPU.Build.0 = Debug|Any CPU
		{7620EADD-06ED-4298-B18B-BB076846D412}.Release|Any CPU.ActiveCfg = Release|Any CPU
		{7620EADD-06ED-4298-B18B-BB076846D412}.Release|Any CPU.Build.0 = Release|Any CPU
		{42CDA5A1-9198-4A83-BC65-2441A96F63A3}.Debug|Any CPU.ActiveCfg = Debug|Any CPU
		{42CDA5A1-9198-4A83-BC65-2441A96F63A3}.Debug|Any CPU.Build.0 = Debug|Any CPU
		{42CDA5A1-9198-4A83-BC65-2441A96F63A3}.Release|Any CPU.ActiveCfg = Release|Any CPU
		{42CDA5A1-9198-4A83-BC65-2441A96F63A3}.Release|Any CPU.Build.0 = Release|Any CPU
		{BA204410-1729-4F39-8634-9C7AA972FDB1}.Debug|Any CPU.ActiveCfg = Debug|Any CPU
		{BA204410-1729-4F39-8634-9C7AA972FDB1}.Debug|Any CPU.Build.0 = Debug|Any CPU
		{BA204410-1729-4F39-8634-9C7AA972FDB1}.Release|Any CPU.ActiveCfg = Release|Any CPU
		{BA204410-1729-4F39-8634-9C7AA972FDB1}.Release|Any CPU.Build.0 = Release|Any CPU
		{898E5B54-2563-4ED7-B0AE-ECDCE4213A5B}.Debug|Any CPU.ActiveCfg = Debug|Any CPU
		{898E5B54-2563-4ED7-B0AE-ECDCE4213A5B}.Debug|Any CPU.Build.0 = Debug|Any CPU
		{898E5B54-2563-4ED7-B0AE-ECDCE4213A5B}.Release|Any CPU.ActiveCfg = Release|Any CPU
		{898E5B54-2563-4ED7-B0AE-ECDCE4213A5B}.Release|Any CPU.Build.0 = Release|Any CPU
		{544D9A86-96A0-45BF-9095-0A2E4C80A81F}.Debug|Any CPU.ActiveCfg = Debug|Any CPU
		{544D9A86-96A0-45BF-9095-0A2E4C80A81F}.Debug|Any CPU.Build.0 = Debug|Any CPU
		{544D9A86-96A0-45BF-9095-0A2E4C80A81F}.Release|Any CPU.ActiveCfg = Release|Any CPU
		{544D9A86-96A0-45BF-9095-0A2E4C80A81F}.Release|Any CPU.Build.0 = Release|Any CPU
		{CCE90FB9-4DA0-4785-B66A-9BF391828D92}.Debug|Any CPU.ActiveCfg = Debug|Any CPU
		{CCE90FB9-4DA0-4785-B66A-9BF391828D92}.Debug|Any CPU.Build.0 = Debug|Any CPU
		{CCE90FB9-4DA0-4785-B66A-9BF391828D92}.Release|Any CPU.ActiveCfg = Release|Any CPU
		{CCE90FB9-4DA0-4785-B66A-9BF391828D92}.Release|Any CPU.Build.0 = Release|Any CPU
		{B75BA06D-BBEF-453D-866D-4C74D87C3A1E}.Debug|Any CPU.ActiveCfg = Debug|Any CPU
		{B75BA06D-BBEF-453D-866D-4C74D87C3A1E}.Debug|Any CPU.Build.0 = Debug|Any CPU
		{B75BA06D-BBEF-453D-866D-4C74D87C3A1E}.Release|Any CPU.ActiveCfg = Release|Any CPU
		{B75BA06D-BBEF-453D-866D-4C74D87C3A1E}.Release|Any CPU.Build.0 = Release|Any CPU
	EndGlobalSection
	GlobalSection(SolutionProperties) = preSolution
		HideSolutionNode = FALSE
	EndGlobalSection
	GlobalSection(NestedProjects) = preSolution
		{7177719D-74BA-4314-A23E-7A919D7FD438} = {732C1A0E-10CA-4177-B881-1D848C534478}
		{F3F96F34-0217-4B29-9CB1-C1201B96E055} = {732C1A0E-10CA-4177-B881-1D848C534478}
		{568E7DD7-F6A5-410D-A018-2AB1324C0C57} = {732C1A0E-10CA-4177-B881-1D848C534478}
		{3ED86CCC-D1F5-4821-B0BC-02DC7D80E8C6} = {732C1A0E-10CA-4177-B881-1D848C534478}
		{16D2A014-8732-4CC8-9F88-4F807DEA7D7A} = {732C1A0E-10CA-4177-B881-1D848C534478}
		{1FF0D52A-309E-4996-9028-75CACD5C6658} = {732C1A0E-10CA-4177-B881-1D848C534478}
		{9A541CFA-FA7F-470D-B672-23E1995F77C8} = {732C1A0E-10CA-4177-B881-1D848C534478}
		{7E72E10C-9D5A-4ADF-A592-08497C9A2CA6} = {732C1A0E-10CA-4177-B881-1D848C534478}
		{8BE1AF26-4335-4B63-AAD5-C1D93CC0EBF4} = {732C1A0E-10CA-4177-B881-1D848C534478}
		{61F2927B-3FDB-43FC-8949-51263FB65A1D} = {732C1A0E-10CA-4177-B881-1D848C534478}
		{9989D054-A063-4381-8E0F-1BB20748CA44} = {732C1A0E-10CA-4177-B881-1D848C534478}
		{C62EC4F8-2CDA-4AEE-9C7F-5E52B2A1BDB6} = {732C1A0E-10CA-4177-B881-1D848C534478}
		{2D7653F2-C871-44A3-8B19-FDF02804941A} = {732C1A0E-10CA-4177-B881-1D848C534478}
		{0377FD95-A697-4EEA-AFC1-5C7F169AB824} = {732C1A0E-10CA-4177-B881-1D848C534478}
		{D1BB181D-7E13-469D-B8FD-37350D922069} = {732C1A0E-10CA-4177-B881-1D848C534478}
		{20F6EE71-3434-467E-BE71-7FDC2BAAF7C6} = {732C1A0E-10CA-4177-B881-1D848C534478}
		{99E7089E-47DA-4A29-9736-D3AEEF426AE9} = {732C1A0E-10CA-4177-B881-1D848C534478}
		{96EFAF3A-73AD-45CC-AFC1-0DD0A4C7D383} = {732C1A0E-10CA-4177-B881-1D848C534478}
		{F73950BD-E917-4B80-B821-E1C50D781114} = {732C1A0E-10CA-4177-B881-1D848C534478}
		{E0C4AE3F-1655-42E2-9C51-6FEAFBCA0890} = {732C1A0E-10CA-4177-B881-1D848C534478}
		{84C2E092-6C5F-4EDC-BD55-CB3463F899C9} = {732C1A0E-10CA-4177-B881-1D848C534478}
		{7620EADD-06ED-4298-B18B-BB076846D412} = {732C1A0E-10CA-4177-B881-1D848C534478}
		{42CDA5A1-9198-4A83-BC65-2441A96F63A3} = {732C1A0E-10CA-4177-B881-1D848C534478}
		{BA204410-1729-4F39-8634-9C7AA972FDB1} = {732C1A0E-10CA-4177-B881-1D848C534478}
		{898E5B54-2563-4ED7-B0AE-ECDCE4213A5B} = {732C1A0E-10CA-4177-B881-1D848C534478}
		{544D9A86-96A0-45BF-9095-0A2E4C80A81F} = {732C1A0E-10CA-4177-B881-1D848C534478}
		{CCE90FB9-4DA0-4785-B66A-9BF391828D92} = {732C1A0E-10CA-4177-B881-1D848C534478}
		{B75BA06D-BBEF-453D-866D-4C74D87C3A1E} = {732C1A0E-10CA-4177-B881-1D848C534478}
	EndGlobalSection
	GlobalSection(ExtensibilityGlobals) = postSolution
		SolutionGuid = {88C74611-0718-43F4-903E-30D25145FB55}
	EndGlobalSection
EndGlobal
